{
  "originHash" : "afd4d9008cd8990b9018a2408a00c4c8b9227f5801a8343fd20d1a2f92d475c7",
  "pins" : [
    {
      "identity" : "cryptoswift",
      "kind" : "remoteSourceControl",
      "location" : "https://github.com/royalapplications/CryptoSwift.git",
      "state" : {
        "branch" : "foundationessentials",
        "revision" : "a59b4d91ebb22011656c830f874fe7152e183a57"
      }
    },
    {
      "identity" : "cstb",
      "kind" : "remoteSourceControl",
      "location" : "https://github.com/troughton/Cstb",
      "state" : {
        "revision" : "a47f4ecf3a139ac2f53ed27a984853c9f98097f1",
        "version" : "1.0.6"
      }
    },
    {
      "identity" : "purchases-ios-spm",
      "kind" : "remoteSourceControl",
      "location" : "https://github.com/RevenueCat/purchases-ios-spm.git",
      "state" : {
        "revision" : "6fcd89a5d6db067081148f0436a7c55d54f36d21",
        "version" : "5.80.2"
      }
    },
    {
      "identity" : "royalvnc",
      "kind" : "remoteSourceControl",
      "location" : "https://github.com/royalapplications/royalvnc",
      "state" : {
        "branch" : "main",
        "revision" : "337197afdb32020d3dfdb7d058989115b740cdc4"
      }
    }
  ],
  "version" : 3
}
